
Microsoft Visual Studio Solution File, Format Version 12.00
# Visual Studio Version 17
VisualStudioVersion = 17.7.34031.279
MinimumVisualStudioVersion = 10.0.40219.1
Project("{FAE04EC0-301F-11D3-BF4B-00C04F79EFBC}") = "Calculator", "Calculator\Calculator.csproj", "{07FC6BCB-AE2E-4C29-8DAB-7C7E98685107}"
EndProject
Global
	GlobalSection(SolutionConfigurationPlatforms) = preSolution
		Debug|Any CPU = Debug|Any CPU
		Release|Any CPU = Release|Any CPU
	EndGlobalSection
	GlobalSection(ProjectConfigurationPlatforms) = postSolution
		{07FC6BCB-AE2E-4C29-8DAB-7C7E98685107}.Debug|Any CPU.ActiveCfg = Debug|Any CPU
		{07FC6BCB-AE2E-4C29-8DAB-7C7E98685107}.Debug|Any CPU.Build.0 = Debug|Any CPU
		{07FC6BCB-AE2E-4C29-8DAB-7C7E98685107}.Release|Any CPU.ActiveCfg = Release|Any CPU
		{07FC6BCB-AE2E-4C29-8DAB-7C7E98685107}.Release|Any CPU.Build.0 = Release|Any CPU
	EndGlobalSection
	GlobalSection(SolutionProperties) = preSolution
		HideSolutionNode = FALSE
	EndGlobalSection
	GlobalSection(ExtensibilityGlobals) = postSolution
		SolutionGuid = {AC50AF6E-27F4-439F-92EB-4A026A920465}
	EndGlobalSection
EndGlobal
